
Microsoft Visual Studio Solution File, Format Version 12.00
# Visual Studio Version 17
VisualStudioVersion = 17.12.35527.113
MinimumVisualStudioVersion = 10.0.40219.1
Project("{FAE04EC0-301F-11D3-BF4B-00C04F79EFBC}") = "ARWNI2S.Core", "src\ARWNI2S.Core\ARWNI2S.Core.csproj", "{CACF802B-B4D2-47D5-905C-3610F770777C}"
EndProject
Project("{FAE04EC0-301F-11D3-BF4B-00C04F79EFBC}") = "ARWNI2S.Abstractions", "src\ARWNI2S.Abstractions\ARWNI2S.Abstractions.csproj", "{AAE5615E-EEE3-4457-9632-DD323A4218F4}"
EndProject
Project("{FAE04EC0-301F-11D3-BF4B-00C04F79EFBC}") = "ARWNI2S.Data", "src\ARWNI2S.Data\ARWNI2S.Data.csproj", "{652AD28C-C56A-4830-8483-242DF18009A5}"
EndProject
Project("{FAE04EC0-301F-11D3-BF4B-00C04F79EFBC}") = "ARWNI2S.Engine", "src\ARWNI2S.Engine\ARWNI2S.Engine.csproj", "{73DDD1FB-6E4F-4CD1-8D60-AA6425B0124A}"
EndProject
Project("{2150E333-8FDC-42A3-9474-1A3956D46DE8}") = "build", "build", "{DDDE5C9D-AE27-4729-9123-970BC66B35CD}"
	ProjectSection(SolutionItems) = preProject
		Directory.Build.props = Directory.Build.props
		Directory.Build.targets = Directory.Build.targets
		Directory.Packages.props = Directory.Packages.props
	EndProjectSection
EndProject
Project("{2150E333-8FDC-42A3-9474-1A3956D46DE8}") = "src", "src", "{265A238C-9500-4F06-99CA-A2CD34718E85}"
EndProject
Project("{FAE04EC0-301F-11D3-BF4B-00C04F79EFBC}") = "ARWNI2S.Serialization.Abstractions", "src\ARWNI2S.Serialization.Abstractions\ARWNI2S.Serialization.Abstractions.csproj", "{250142A9-E29B-49FD-AD66-558714F79C0D}"
EndProject
Project("{2150E333-8FDC-42A3-9474-1A3956D46DE8}") = "src", "src", "{8D7D88A9-C1CF-433A-B11E-845092EA014F}"
	ProjectSection(SolutionItems) = preProject
		src\Directory.Build.props = src\Directory.Build.props
		src\Directory.Build.targets = src\Directory.Build.targets
	EndProjectSection
EndProject
Project("{FAE04EC0-301F-11D3-BF4B-00C04F79EFBC}") = "ARWNI2S.Serialization", "src\ARWNI2S.Serialization\ARWNI2S.Serialization.csproj", "{EBAA9D04-D531-4237-A65A-273778FDFA68}"
EndProject
Project("{2150E333-8FDC-42A3-9474-1A3956D46DE8}") = "Serialization", "Serialization", "{BB722C4E-9F4D-418D-A769-86E58AFAE403}"
EndProject
Project("{FAE04EC0-301F-11D3-BF4B-00C04F79EFBC}") = "ARWNI2S.Serialization.FSharp", "src\ARWNI2S.Serialization.FSharp\ARWNI2S.Serialization.FSharp.csproj", "{81E123A5-F5CD-4CA5-9061-1FBE95757984}"
EndProject
Project("{FAE04EC0-301F-11D3-BF4B-00C04F79EFBC}") = "ARWNI2S.Serialization.MessagePack", "src\ARWNI2S.Serialization.MessagePack\ARWNI2S.Serialization.MessagePack.csproj", "{858F2BF6-1039-4721-9286-34A7253252C3}"
EndProject
Project("{FAE04EC0-301F-11D3-BF4B-00C04F79EFBC}") = "ARWNI2S.Serialization.NewtonsoftJson", "src\ARWNI2S.Serialization.NewtonsoftJson\ARWNI2S.Serialization.NewtonsoftJson.csproj", "{CAC0221F-A223-4BFE-AC90-DA810E267EC2}"
EndProject
Project("{FAE04EC0-301F-11D3-BF4B-00C04F79EFBC}") = "ARWNI2S.Serialization.Protobuf", "src\ARWNI2S.Serialization.Protobuf\ARWNI2S.Serialization.Protobuf.csproj", "{41AAC043-0AC3-4E02-BAED-997E9A844705}"
EndProject
Global
	GlobalSection(SolutionConfigurationPlatforms) = preSolution
		Debug|Any CPU = Debug|Any CPU
		Release|Any CPU = Release|Any CPU
	EndGlobalSection
	GlobalSection(ProjectConfigurationPlatforms) = postSolution
		{CACF802B-B4D2-47D5-905C-3610F770777C}.Debug|Any CPU.ActiveCfg = Debug|Any CPU
		{CACF802B-B4D2-47D5-905C-3610F770777C}.Debug|Any CPU.Build.0 = Debug|Any CPU
		{CACF802B-B4D2-47D5-905C-3610F770777C}.Release|Any CPU.ActiveCfg = Release|Any CPU
		{CACF802B-B4D2-47D5-905C-3610F770777C}.Release|Any CPU.Build.0 = Release|Any CPU
		{AAE5615E-EEE3-4457-9632-DD323A4218F4}.Debug|Any CPU.ActiveCfg = Debug|Any CPU
		{AAE5615E-EEE3-4457-9632-DD323A4218F4}.Debug|Any CPU.Build.0 = Debug|Any CPU
		{AAE5615E-EEE3-4457-9632-DD323A4218F4}.Release|Any CPU.ActiveCfg = Release|Any CPU
		{AAE5615E-EEE3-4457-9632-DD323A4218F4}.Release|Any CPU.Build.0 = Release|Any CPU
		{652AD28C-C56A-4830-8483-242DF18009A5}.Debug|Any CPU.ActiveCfg = Debug|Any CPU
		{652AD28C-C56A-4830-8483-242DF18009A5}.Debug|Any CPU.Build.0 = Debug|Any CPU
		{652AD28C-C56A-4830-8483-242DF18009A5}.Release|Any CPU.ActiveCfg = Release|Any CPU
		{652AD28C-C56A-4830-8483-242DF18009A5}.Release|Any CPU.Build.0 = Release|Any CPU
		{73DDD1FB-6E4F-4CD1-8D60-AA6425B0124A}.Debug|Any CPU.ActiveCfg = Debug|Any CPU
		{73DDD1FB-6E4F-4CD1-8D60-AA6425B0124A}.Debug|Any CPU.Build.0 = Debug|Any CPU
		{73DDD1FB-6E4F-4CD1-8D60-AA6425B0124A}.Release|Any CPU.ActiveCfg = Release|Any CPU
		{73DDD1FB-6E4F-4CD1-8D60-AA6425B0124A}.Release|Any CPU.Build.0 = Release|Any CPU
		{250142A9-E29B-49FD-AD66-558714F79C0D}.Debug|Any CPU.ActiveCfg = Debug|Any CPU
		{250142A9-E29B-49FD-AD66-558714F79C0D}.Debug|Any CPU.Build.0 = Debug|Any CPU
		{250142A9-E29B-49FD-AD66-558714F79C0D}.Release|Any CPU.ActiveCfg = Release|Any CPU
		{250142A9-E29B-49FD-AD66-558714F79C0D}.Release|Any CPU.Build.0 = Release|Any CPU
		{EBAA9D04-D531-4237-A65A-273778FDFA68}.Debug|Any CPU.ActiveCfg = Debug|Any CPU
		{EBAA9D04-D531-4237-A65A-273778FDFA68}.Debug|Any CPU.Build.0 = Debug|Any CPU
		{EBAA9D04-D531-4237-A65A-273778FDFA68}.Release|Any CPU.ActiveCfg = Release|Any CPU
		{EBAA9D04-D531-4237-A65A-273778FDFA68}.Release|Any CPU.Build.0 = Release|Any CPU
		{81E123A5-F5CD-4CA5-9061-1FBE95757984}.Debug|Any CPU.ActiveCfg = Debug|Any CPU
		{81E123A5-F5CD-4CA5-9061-1FBE95757984}.Debug|Any CPU.Build.0 = Debug|Any CPU
		{81E123A5-F5CD-4CA5-9061-1FBE95757984}.Release|Any CPU.ActiveCfg = Release|Any CPU
		{81E123A5-F5CD-4CA5-9061-1FBE95757984}.Release|Any CPU.Build.0 = Release|Any CPU
		{858F2BF6-1039-4721-9286-34A7253252C3}.Debug|Any CPU.ActiveCfg = Debug|Any CPU
		{858F2BF6-1039-4721-9286-34A7253252C3}.Debug|Any CPU.Build.0 = Debug|Any CPU
		{858F2BF6-1039-4721-9286-34A7253252C3}.Release|Any CPU.ActiveCfg = Release|Any CPU
		{858F2BF6-1039-4721-9286-34A7253252C3}.Release|Any CPU.Build.0 = Release|Any CPU
		{CAC0221F-A223-4BFE-AC90-DA810E267EC2}.Debug|Any CPU.ActiveCfg = Debug|Any CPU
		{CAC0221F-A223-4BFE-AC90-DA810E267EC2}.Debug|Any CPU.Build.0 = Debug|Any CPU
		{CAC0221F-A223-4BFE-AC90-DA810E267EC2}.Release|Any CPU.ActiveCfg = Release|Any CPU
		{CAC0221F-A223-4BFE-AC90-DA810E267EC2}.Release|Any CPU.Build.0 = Release|Any CPU
		{41AAC043-0AC3-4E02-BAED-997E9A844705}.Debug|Any CPU.ActiveCfg = Debug|Any CPU
		{41AAC043-0AC3-4E02-BAED-997E9A844705}.Debug|Any CPU.Build.0 = Debug|Any CPU
		{41AAC043-0AC3-4E02-BAED-997E9A844705}.Release|Any CPU.ActiveCfg = Release|Any CPU
		{41AAC043-0AC3-4E02-BAED-997E9A844705}.Release|Any CPU.Build.0 = Release|Any CPU
	EndGlobalSection
	GlobalSection(SolutionProperties) = preSolution
		HideSolutionNode = FALSE
	EndGlobalSection
	GlobalSection(NestedProjects) = preSolution
		{CACF802B-B4D2-47D5-905C-3610F770777C} = {265A238C-9500-4F06-99CA-A2CD34718E85}
		{AAE5615E-EEE3-4457-9632-DD323A4218F4} = {265A238C-9500-4F06-99CA-A2CD34718E85}
		{652AD28C-C56A-4830-8483-242DF18009A5} = {265A238C-9500-4F06-99CA-A2CD34718E85}
		{73DDD1FB-6E4F-4CD1-8D60-AA6425B0124A} = {265A238C-9500-4F06-99CA-A2CD34718E85}
		{250142A9-E29B-49FD-AD66-558714F79C0D} = {BB722C4E-9F4D-418D-A769-86E58AFAE403}
		{8D7D88A9-C1CF-433A-B11E-845092EA014F} = {DDDE5C9D-AE27-4729-9123-970BC66B35CD}
		{EBAA9D04-D531-4237-A65A-273778FDFA68} = {BB722C4E-9F4D-418D-A769-86E58AFAE403}
		{BB722C4E-9F4D-418D-A769-86E58AFAE403} = {265A238C-9500-4F06-99CA-A2CD34718E85}
		{81E123A5-F5CD-4CA5-9061-1FBE95757984} = {BB722C4E-9F4D-418D-A769-86E58AFAE403}
		{858F2BF6-1039-4721-9286-34A7253252C3} = {BB722C4E-9F4D-418D-A769-86E58AFAE403}
		{CAC0221F-A223-4BFE-AC90-DA810E267EC2} = {BB722C4E-9F4D-418D-A769-86E58AFAE403}
		{41AAC043-0AC3-4E02-BAED-997E9A844705} = {BB722C4E-9F4D-418D-A769-86E58AFAE403}
	EndGlobalSection
EndGlobal
