
Microsoft Visual Studio Solution File, Format Version 12.00
# Visual Studio Version 17
VisualStudioVersion = 17.12.35527.113
MinimumVisualStudioVersion = 10.0.40219.1
Project("{FAE04EC0-301F-11D3-BF4B-00C04F79EFBC}") = "ARWNI2S.Core", "src\ARWNI2S.Core\ARWNI2S.Core.csproj", "{CACF802B-B4D2-47D5-905C-3610F770777C}"
EndProject
Project("{FAE04EC0-301F-11D3-BF4B-00C04F79EFBC}") = "ARWNI2S.Abstractions", "src\ARWNI2S.Abstractions\ARWNI2S.Abstractions.csproj", "{AAE5615E-EEE3-4457-9632-DD323A4218F4}"
EndProject
Project("{FAE04EC0-301F-11D3-BF4B-00C04F79EFBC}") = "ARWNI2S.Data", "src\ARWNI2S.Data\ARWNI2S.Data.csproj", "{652AD28C-C56A-4830-8483-242DF18009A5}"
EndProject
Project("{2150E333-8FDC-42A3-9474-1A3956D46DE8}") = "build", "build", "{DDDE5C9D-AE27-4729-9123-970BC66B35CD}"
	ProjectSection(SolutionItems) = preProject
		Directory.Build.props = Directory.Build.props
		Directory.Build.targets = Directory.Build.targets
		Directory.Packages.props = Directory.Packages.props
	EndProjectSection
EndProject
Project("{2150E333-8FDC-42A3-9474-1A3956D46DE8}") = "src", "src", "{265A238C-9500-4F06-99CA-A2CD34718E85}"
EndProject
Project("{2150E333-8FDC-42A3-9474-1A3956D46DE8}") = "src", "src", "{8D7D88A9-C1CF-433A-B11E-845092EA014F}"
	ProjectSection(SolutionItems) = preProject
		src\Directory.Build.props = src\Directory.Build.props
		src\Directory.Build.targets = src\Directory.Build.targets
	EndProjectSection
EndProject
Project("{2150E333-8FDC-42A3-9474-1A3956D46DE8}") = "test", "test", "{7578241E-175B-4D2B-B6C3-50FBBB688D73}"
EndProject
Project("{FAE04EC0-301F-11D3-BF4B-00C04F79EFBC}") = "ARWNI2S.Sdk", "src\ARWNI2S.Sdk\ARWNI2S.Sdk.csproj", "{A5A525F8-6A2D-4A3F-80B0-F966FA7AB799}"
EndProject
Project("{FAE04EC0-301F-11D3-BF4B-00C04F79EFBC}") = "ARWNI2S.Network", "src\ARWNI2S.Network\ARWNI2S.Network.csproj", "{040EE2BE-2486-44B0-85C0-4B3AA3C3675F}"
EndProject
Global
	GlobalSection(SolutionConfigurationPlatforms) = preSolution
		Debug|Any CPU = Debug|Any CPU
		Release|Any CPU = Release|Any CPU
	EndGlobalSection
	GlobalSection(ProjectConfigurationPlatforms) = postSolution
		{CACF802B-B4D2-47D5-905C-3610F770777C}.Debug|Any CPU.ActiveCfg = Debug|Any CPU
		{CACF802B-B4D2-47D5-905C-3610F770777C}.Debug|Any CPU.Build.0 = Debug|Any CPU
		{CACF802B-B4D2-47D5-905C-3610F770777C}.Release|Any CPU.ActiveCfg = Release|Any CPU
		{CACF802B-B4D2-47D5-905C-3610F770777C}.Release|Any CPU.Build.0 = Release|Any CPU
		{AAE5615E-EEE3-4457-9632-DD323A4218F4}.Debug|Any CPU.ActiveCfg = Debug|Any CPU
		{AAE5615E-EEE3-4457-9632-DD323A4218F4}.Debug|Any CPU.Build.0 = Debug|Any CPU
		{AAE5615E-EEE3-4457-9632-DD323A4218F4}.Release|Any CPU.ActiveCfg = Release|Any CPU
		{AAE5615E-EEE3-4457-9632-DD323A4218F4}.Release|Any CPU.Build.0 = Release|Any CPU
		{652AD28C-C56A-4830-8483-242DF18009A5}.Debug|Any CPU.ActiveCfg = Debug|Any CPU
		{652AD28C-C56A-4830-8483-242DF18009A5}.Debug|Any CPU.Build.0 = Debug|Any CPU
		{652AD28C-C56A-4830-8483-242DF18009A5}.Release|Any CPU.ActiveCfg = Release|Any CPU
		{652AD28C-C56A-4830-8483-242DF18009A5}.Release|Any CPU.Build.0 = Release|Any CPU
		{A5A525F8-6A2D-4A3F-80B0-F966FA7AB799}.Debug|Any CPU.ActiveCfg = Debug|Any CPU
		{A5A525F8-6A2D-4A3F-80B0-F966FA7AB799}.Debug|Any CPU.Build.0 = Debug|Any CPU
		{A5A525F8-6A2D-4A3F-80B0-F966FA7AB799}.Release|Any CPU.ActiveCfg = Release|Any CPU
		{A5A525F8-6A2D-4A3F-80B0-F966FA7AB799}.Release|Any CPU.Build.0 = Release|Any CPU
		{040EE2BE-2486-44B0-85C0-4B3AA3C3675F}.Debug|Any CPU.ActiveCfg = Debug|Any CPU
		{040EE2BE-2486-44B0-85C0-4B3AA3C3675F}.Debug|Any CPU.Build.0 = Debug|Any CPU
		{040EE2BE-2486-44B0-85C0-4B3AA3C3675F}.Release|Any CPU.ActiveCfg = Release|Any CPU
		{040EE2BE-2486-44B0-85C0-4B3AA3C3675F}.Release|Any CPU.Build.0 = Release|Any CPU
	EndGlobalSection
	GlobalSection(SolutionProperties) = preSolution
		HideSolutionNode = FALSE
	EndGlobalSection
	GlobalSection(NestedProjects) = preSolution
		{CACF802B-B4D2-47D5-905C-3610F770777C} = {265A238C-9500-4F06-99CA-A2CD34718E85}
		{AAE5615E-EEE3-4457-9632-DD323A4218F4} = {265A238C-9500-4F06-99CA-A2CD34718E85}
		{652AD28C-C56A-4830-8483-242DF18009A5} = {265A238C-9500-4F06-99CA-A2CD34718E85}
		{8D7D88A9-C1CF-433A-B11E-845092EA014F} = {DDDE5C9D-AE27-4729-9123-970BC66B35CD}
		{A5A525F8-6A2D-4A3F-80B0-F966FA7AB799} = {265A238C-9500-4F06-99CA-A2CD34718E85}
		{040EE2BE-2486-44B0-85C0-4B3AA3C3675F} = {265A238C-9500-4F06-99CA-A2CD34718E85}
	EndGlobalSection
EndGlobal
